
Microsoft Visual Studio Solution File, Format Version 12.00
# Visual Studio Version 16
VisualStudioVersion = 16.0.30406.217
MinimumVisualStudioVersion = 10.0.40219.1
Project("{9A19103F-16F7-4668-BE54-9A1E7A4F7556}") = "Craigs.CodingTest.Api", "Craigs.CodingTest.Api\Craigs.CodingTest.Api.csproj", "{C38E0A5C-524F-4F31-93FF-AFF57162CED4}"
EndProject
Project("{9A19103F-16F7-4668-BE54-9A1E7A4F7556}") = "Api.Data", "Api.Data\Api.Data.csproj", "{EFD20F83-3913-43AA-BE2C-D4D46DA21B9D}"
EndProject
Project("{9A19103F-16F7-4668-BE54-9A1E7A4F7556}") = "Api.Service", "Api.Service\Api.Service.csproj", "{4925603B-F86E-436E-8546-C6ADBE3FCF79}"
EndProject
Global
	GlobalSection(SolutionConfigurationPlatforms) = preSolution
		Debug|Any CPU = Debug|Any CPU
		Release|Any CPU = Release|Any CPU
	EndGlobalSection
	GlobalSection(ProjectConfigurationPlatforms) = postSolution
		{C38E0A5C-524F-4F31-93FF-AFF57162CED4}.Debug|Any CPU.ActiveCfg = Debug|Any CPU
		{C38E0A5C-524F-4F31-93FF-AFF57162CED4}.Debug|Any CPU.Build.0 = Debug|Any CPU
		{C38E0A5C-524F-4F31-93FF-AFF57162CED4}.Release|Any CPU.ActiveCfg = Release|Any CPU
		{C38E0A5C-524F-4F31-93FF-AFF57162CED4}.Release|Any CPU.Build.0 = Release|Any CPU
		{EFD20F83-3913-43AA-BE2C-D4D46DA21B9D}.Debug|Any CPU.ActiveCfg = Debug|Any CPU
		{EFD20F83-3913-43AA-BE2C-D4D46DA21B9D}.Debug|Any CPU.Build.0 = Debug|Any CPU
		{EFD20F83-3913-43AA-BE2C-D4D46DA21B9D}.Release|Any CPU.ActiveCfg = Release|Any CPU
		{EFD20F83-3913-43AA-BE2C-D4D46DA21B9D}.Release|Any CPU.Build.0 = Release|Any CPU
		{4925603B-F86E-436E-8546-C6ADBE3FCF79}.Debug|Any CPU.ActiveCfg = Debug|Any CPU
		{4925603B-F86E-436E-8546-C6ADBE3FCF79}.Debug|Any CPU.Build.0 = Debug|Any CPU
		{4925603B-F86E-436E-8546-C6ADBE3FCF79}.Release|Any CPU.ActiveCfg = Release|Any CPU
		{4925603B-F86E-436E-8546-C6ADBE3FCF79}.Release|Any CPU.Build.0 = Release|Any CPU
	EndGlobalSection
	GlobalSection(SolutionProperties) = preSolution
		HideSolutionNode = FALSE
	EndGlobalSection
	GlobalSection(ExtensibilityGlobals) = postSolution
		SolutionGuid = {E7702747-A1BB-435D-B951-C9E88747F53D}
	EndGlobalSection
EndGlobal
